
Microsoft Visual Studio Solution File, Format Version 12.00
# Visual Studio 15
VisualStudioVersion = 15.0.28307.572
MinimumVisualStudioVersion = 10.0.40219.1
Project("{FAE04EC0-301F-11D3-BF4B-00C04F79EFBC}") = "25_Malcolm_PA09", "25_Malcolm_PA09\25_Malcolm_PA09.csproj", "{F4B990AF-5D71-4CF8-BF87-D921E61F7404}"
EndProject
Global
	GlobalSection(SolutionConfigurationPlatforms) = preSolution
		Debug|Any CPU = Debug|Any CPU
		Release|Any CPU = Release|Any CPU
	EndGlobalSection
	GlobalSection(ProjectConfigurationPlatforms) = postSolution
		{F4B990AF-5D71-4CF8-BF87-D921E61F7404}.Debug|Any CPU.ActiveCfg = Debug|Any CPU
		{F4B990AF-5D71-4CF8-BF87-D921E61F7404}.Debug|Any CPU.Build.0 = Debug|Any CPU
		{F4B990AF-5D71-4CF8-BF87-D921E61F7404}.Release|Any CPU.ActiveCfg = Release|Any CPU
		{F4B990AF-5D71-4CF8-BF87-D921E61F7404}.Release|Any CPU.Build.0 = Release|Any CPU
	EndGlobalSection
	GlobalSection(SolutionProperties) = preSolution
		HideSolutionNode = FALSE
	EndGlobalSection
	GlobalSection(ExtensibilityGlobals) = postSolution
		SolutionGuid = {4595C605-DA59-4CB0-8F03-C9980BD6715E}
	EndGlobalSection
EndGlobal
